{
  "lockfileVersion": 1,
  "configVersion": 1,
  "workspaces": {
    "": {
      "name": "opencode-tooldmod",
      "dependencies": {
        "@opencode-ai/plugin": "^1.1.49",
        "zod": "^4.3.6",
      },
    },
  },
  "packages": {
    "@opencode-ai/plugin": ["@opencode-ai/plugin@1.1.64", "", { "dependencies": { "@opencode-ai/sdk": "1.1.64", "zod": "4.1.8" } }, "sha512-3UAChQQf9L2uZPxGLgn9dFS7d9gtMeW1VEKPWfRV16ZgraaBT0bxjGqt4vc9Ne8mZgntAe/qpBfqY4BSpfZQbA=="],

    "@opencode-ai/sdk": ["@opencode-ai/sdk@1.1.64", "", {}, "sha512-g+bZGx/86JlRTKyPWsD1oFu1SoENIHeKK4LhzWWFToPv4tpN3MSLVGSUsoTSi2XqSd9JzkfPBHPdTeFvqcbzMA=="],

    "zod": ["zod@4.3.6", "", {}, "sha512-rftlrkhHZOcjDwkGlnUtZZkvaPHCsDATp4pGpuOOMDaTdDDXF91wuVDJoWoPsKX/3YPQ5fHuF3STjcYyKr+Qhg=="],

    "@opencode-ai/plugin/zod": ["zod@4.1.8", "", {}, "sha512-5R1P+WwQqmmMIEACyzSvo4JXHY5WiAFHRMg+zBZKgKS+Q1viRa0C1hmUKtHltoIFKtIdki3pRxkmpP74jnNYHQ=="],
  }
}
